
Microsoft Visual Studio Solution File, Format Version 12.00
# Visual Studio Version 16
VisualStudioVersion = 16.0.30204.135
MinimumVisualStudioVersion = 10.0.40219.1
Project("{9A19103F-16F7-4668-BE54-9A1E7A4F7556}") = "LinqExtensionMethods", "LinqExtensionMethods\LinqExtensionMethods.csproj", "{77BA1660-7E4F-40EF-89B2-70C0EBD7B611}"
EndProject
Project("{9A19103F-16F7-4668-BE54-9A1E7A4F7556}") = "LinqExtensionMethodsTests", "LinqExtensionMethodsTests\LinqExtensionMethodsTests.csproj", "{62C335FE-DFFB-4DCD-9501-DAEBC5A1CAD9}"
EndProject
Global
	GlobalSection(SolutionConfigurationPlatforms) = preSolution
		Debug|Any CPU = Debug|Any CPU
		Release|Any CPU = Release|Any CPU
	EndGlobalSection
	GlobalSection(ProjectConfigurationPlatforms) = postSolution
		{77BA1660-7E4F-40EF-89B2-70C0EBD7B611}.Debug|Any CPU.ActiveCfg = Debug|Any CPU
		{77BA1660-7E4F-40EF-89B2-70C0EBD7B611}.Debug|Any CPU.Build.0 = Debug|Any CPU
		{77BA1660-7E4F-40EF-89B2-70C0EBD7B611}.Release|Any CPU.ActiveCfg = Release|Any CPU
		{77BA1660-7E4F-40EF-89B2-70C0EBD7B611}.Release|Any CPU.Build.0 = Release|Any CPU
		{62C335FE-DFFB-4DCD-9501-DAEBC5A1CAD9}.Debug|Any CPU.ActiveCfg = Debug|Any CPU
		{62C335FE-DFFB-4DCD-9501-DAEBC5A1CAD9}.Debug|Any CPU.Build.0 = Debug|Any CPU
		{62C335FE-DFFB-4DCD-9501-DAEBC5A1CAD9}.Release|Any CPU.ActiveCfg = Release|Any CPU
		{62C335FE-DFFB-4DCD-9501-DAEBC5A1CAD9}.Release|Any CPU.Build.0 = Release|Any CPU
	EndGlobalSection
	GlobalSection(SolutionProperties) = preSolution
		HideSolutionNode = FALSE
	EndGlobalSection
	GlobalSection(ExtensibilityGlobals) = postSolution
		SolutionGuid = {A7B82F60-B35A-4199-90F0-993DE8A11337}
	EndGlobalSection
EndGlobal
